<?xml version="1.0" encoding="utf-8"?>
<Project ToolsVersion="18.0" xmlns="http://schemas.microsoft.com/developer/msbuild/2003">
  <ItemGroup>
    <CustomBuild Include="C:\Users\naime\OneDrive\Desktop\RAG Engine\build-vs2026\CMakeFiles\d343d397df881873b6dfc6b46c0c8d68\INSTALL_force.rule">
      <Filter>CMake Rules</Filter>
    </CustomBuild>
  </ItemGroup>
  <ItemGroup>
    <Filter Include="CMake Rules">
      <UniqueIdentifier>{5E5B63B1-E0BA-3029-B885-6AA97C1AAE16}</UniqueIdentifier>
    </Filter>
  </ItemGroup>
</Project>
