<?xml version="1.0" encoding="utf-8"?>
<Project ToolsVersion="18.0" xmlns="http://schemas.microsoft.com/developer/msbuild/2003">
  <ItemGroup>
    <ClCompile Include="C:\Users\naime\OneDrive\Desktop\RAG Engine\src\Rag\Platform\Win32\Win32Window.cpp">
      <Filter>Source Files</Filter>
    </ClCompile>
  </ItemGroup>
  <ItemGroup>
    <ClInclude Include="C:\Users\naime\OneDrive\Desktop\RAG Engine\src\Rag\Platform\Window.h">
      <Filter>Header Files</Filter>
    </ClInclude>
    <ClInclude Include="C:\Users\naime\OneDrive\Desktop\RAG Engine\src\Rag\Platform\Win32\Win32Window.h">
      <Filter>Header Files</Filter>
    </ClInclude>
  </ItemGroup>
  <ItemGroup>
    <CustomBuild Include="C:\Users\naime\OneDrive\Desktop\RAG Engine\CMakeLists.txt" />
  </ItemGroup>
  <ItemGroup>
    <Filter Include="Header Files">
      <UniqueIdentifier>{DBA9883D-590E-3120-9DB5-39F57CD5257C}</UniqueIdentifier>
    </Filter>
    <Filter Include="Source Files">
      <UniqueIdentifier>{2527617C-180A-3530-9A7A-AD5B79ABFE96}</UniqueIdentifier>
    </Filter>
  </ItemGroup>
</Project>
